// !$*UTF8*$!
{
	archiveVersion = 1;
	classes = {
	};
	objectVersion = 55;
	objects = {

/* Begin PBXBuildFile section */
		3FA73D8C71FE82076D062A57 /* Pods_TestRXSwift.framework in Frameworks */ = {isa = PBXBuildFile; fileRef = 47500F55503F96B531BB2AB3 /* Pods_TestRXSwift.framework */; };
		BDA84A6728086B9A00C571A5 /* AppDelegate.swift in Sources */ = {isa = PBXBuildFile; fileRef = BDA84A6628086B9A00C571A5 /* AppDelegate.swift */; };
		BDA84A6928086B9A00C571A5 /* SceneDelegate.swift in Sources */ = {isa = PBXBuildFile; fileRef = BDA84A6828086B9A00C571A5 /* SceneDelegate.swift */; };
		BDA84A6B28086B9A00C571A5 /* ViewController.swift in Sources */ = {isa = PBXBuildFile; fileRef = BDA84A6A28086B9A00C571A5 /* ViewController.swift */; };
		BDA84A6E28086B9A00C571A5 /* Main.storyboard in Resources */ = {isa = PBXBuildFile; fileRef = BDA84A6C28086B9A00C571A5 /* Main.storyboard */; };
		BDA84A7028086B9C00C571A5 /* Assets.xcassets in Resources */ = {isa = PBXBuildFile; fileRef = BDA84A6F28086B9C00C571A5 /* Assets.xcassets */; };
		BDA84A7328086B9C00C571A5 /* LaunchScreen.storyboard in Resources */ = {isa = PBXBuildFile; fileRef = BDA84A7128086B9C00C571A5 /* LaunchScreen.storyboard */; };
		BDA84A7B280995F900C571A5 /* SecondViewController.swift in Sources */ = {isa = PBXBuildFile; fileRef = BDA84A7A280995F900C571A5 /* SecondViewController.swift */; };
/* End PBXBuildFile section */

/* Begin PBXFileReference section */
		1037BA8258CAE398DE5A5DCA /* Pods-TestRXSwift.debug.xcconfig */ = {isa = PBXFileReference; includeInIndex = 1; lastKnownFileType = text.xcconfig; name = "Pods-TestRXSwift.debug.xcconfig"; path = "Target Support Files/Pods-TestRXSwift/Pods-TestRXSwift.debug.xcconfig"; sourceTree = "<group>"; };
		2C3AE9FCACCA17CAE850324C /* Pods-TestRXSwift.release.xcconfig */ = {isa = PBXFileReference; includeInIndex = 1; lastKnownFileType = text.xcconfig; name = "Pods-TestRXSwift.release.xcconfig"; path = "Target Support Files/Pods-TestRXSwift/Pods-TestRXSwift.release.xcconfig"; sourceTree = "<group>"; };
		47500F55503F96B531BB2AB3 /* Pods_TestRXSwift.framework */ = {isa = PBXFileReference; explicitFileType = wrapper.framework; includeInIndex = 0; path = Pods_TestRXSwift.framework; sourceTree = BUILT_PRODUCTS_DIR; };
		BDA84A6328086B9A00C571A5 /* TestRXSwift.app */ = {isa = PBXFileReference; explicitFileType = wrapper.application; includeInIndex = 0; path = TestRXSwift.app; sourceTree = BUILT_PRODUCTS_DIR; };
		BDA84A6628086B9A00C571A5 /* AppDelegate.swift */ = {isa = PBXFileReference; lastKnownFileType = sourcecode.swift; path = AppDelegate.swift; sourceTree = "<group>"; };
		BDA84A6828086B9A00C571A5 /* SceneDelegate.swift */ = {isa = PBXFileReference; lastKnownFileType = sourcecode.swift; path = SceneDelegate.swift; sourceTree = "<group>"; };
		BDA84A6A28086B9A00C571A5 /* ViewController.swift */ = {isa = PBXFileReference; lastKnownFileType = sourcecode.swift; path = ViewController.swift; sourceTree = "<group>"; };
		BDA84A6D28086B9A00C571A5 /* Base */ = {isa = PBXFileReference; lastKnownFileType = file.storyboard; name = Base; path = Base.lproj/Main.storyboard; sourceTree = "<group>"; };
		BDA84A6F28086B9C00C571A5 /* Assets.xcassets */ = {isa = PBXFileReference; lastKnownFileType = folder.assetcatalog; path = Assets.xcassets; sourceTree = "<group>"; };
		BDA84A7228086B9C00C571A5 /* Base */ = {isa = PBXFileReference; lastKnownFileType = file.storyboard; name = Base; path = Base.lproj/LaunchScreen.storyboard; sourceTree = "<group>"; };
		BDA84A7428086B9C00C571A5 /* Info.plist */ = {isa = PBXFileReference; lastKnownFileType = text.plist.xml; path = Info.plist; sourceTree = "<group>"; };
		BDA84A7A280995F900C571A5 /* SecondViewController.swift */ = {isa = PBXFileReference; lastKnownFileType = sourcecode.swift; path = SecondViewController.swift; sourceTree = "<group>"; };
/* End PBXFileReference section */

/* Begin PBXFrameworksBuildPhase section */
		BDA84A6028086B9A00C571A5 /* Frameworks */ = {
			isa = PBXFrameworksBuildPhase;
			buildActionMask = 2147483647;
			files = (
				3FA73D8C71FE82076D062A57 /* Pods_TestRXSwift.framework in Frameworks */,
			);
			runOnlyForDeploymentPostprocessing = 0;
		};
/* End PBXFrameworksBuildPhase section */

/* Begin PBXGroup section */
		22EED0C01C9CD36EE641FC27 /* Frameworks */ = {
			isa = PBXGroup;
			children = (
				47500F55503F96B531BB2AB3 /* Pods_TestRXSwift.framework */,
			);
			name = Frameworks;
			sourceTree = "<group>";
		};
		51B2D3DB66ED0055996FD983 /* Pods */ = {
			isa = PBXGroup;
			children = (
				1037BA8258CAE398DE5A5DCA /* Pods-TestRXSwift.debug.xcconfig */,
				2C3AE9FCACCA17CAE850324C /* Pods-TestRXSwift.release.xcconfig */,
			);
			path = Pods;
			sourceTree = "<group>";
		};
		BDA84A5A28086B9A00C571A5 = {
			isa = PBXGroup;
			children = (
				BDA84A6528086B9A00C571A5 /* TestRXSwift */,
				BDA84A6428086B9A00C571A5 /* Products */,
				51B2D3DB66ED0055996FD983 /* Pods */,
				22EED0C01C9CD36EE641FC27 /* Frameworks */,
			);
			sourceTree = "<group>";
		};
		BDA84A6428086B9A00C571A5 /* Products */ = {
			isa = PBXGroup;
			children = (
				BDA84A6328086B9A00C571A5 /* TestRXSwift.app */,
			);
			name = Products;
			sourceTree = "<group>";
		};
		BDA84A6528086B9A00C571A5 /* TestRXSwift */ = {
			isa = PBXGroup;
			children = (
				BDA84A6628086B9A00C571A5 /* AppDelegate.swift */,
				BDA84A6828086B9A00C571A5 /* SceneDelegate.swift */,
				BDA84A6A28086B9A00C571A5 /* ViewController.swift */,
				BDA84A7A280995F900C571A5 /* SecondViewController.swift */,
				BDA84A6C28086B9A00C571A5 /* Main.storyboard */,
				BDA84A6F28086B9C00C571A5 /* Assets.xcassets */,
				BDA84A7128086B9C00C571A5 /* LaunchScreen.storyboard */,
				BDA84A7428086B9C00C571A5 /* Info.plist */,
			);
			path = TestRXSwift;
			sourceTree = "<group>";
		};
/* End PBXGroup section */

/* Begin PBXNativeTarget section */
		BDA84A6228086B9A00C571A5 /* TestRXSwift */ = {
			isa = PBXNativeTarget;
			buildConfigurationList = BDA84A7728086B9C00C571A5 /* Build configuration list for PBXNativeTarget "TestRXSwift" */;
			buildPhases = (
				1C256A9F4E418CBAA13FC097 /* [CP] Check Pods Manifest.lock */,
				BDA84A5F28086B9A00C571A5 /* Sources */,
				BDA84A6028086B9A00C571A5 /* Frameworks */,
				BDA84A6128086B9A00C571A5 /* Resources */,
				659FC4ECF29CF4E9057FBA42 /* [CP] Embed Pods Frameworks */,
			);
			buildRules = (
			);
			dependencies = (
			);
			name = TestRXSwift;
			productName = TestRXSwift;
			productReference = BDA84A6328086B9A00C571A5 /* TestRXSwift.app */;
			productType = "com.apple.product-type.application";
		};
/* End PBXNativeTarget section */

/* Begin PBXProject section */
		BDA84A5B28086B9A00C571A5 /* Project object */ = {
			isa = PBXProject;
			attributes = {
				BuildIndependentTargetsInParallel = 1;
				LastSwiftUpdateCheck = 1320;
				LastUpgradeCheck = 1320;
				TargetAttributes = {
					BDA84A6228086B9A00C571A5 = {
						CreatedOnToolsVersion = 13.2.1;
					};
				};
			};
			buildConfigurationList = BDA84A5E28086B9A00C571A5 /* Build configuration list for PBXProject "TestRXSwift" */;
			compatibilityVersion = "Xcode 13.0";
			developmentRegion = en;
			hasScannedForEncodings = 0;
			knownRegions = (
				en,
				Base,
			);
			mainGroup = BDA84A5A28086B9A00C571A5;
			productRefGroup = BDA84A6428086B9A00C571A5 /* Products */;
			projectDirPath = "";
			projectRoot = "";
			targets = (
				BDA84A6228086B9A00C571A5 /* TestRXSwift */,
			);
		};
/* End PBXProject section */

/* Begin PBXResourcesBuildPhase section */
		BDA84A6128086B9A00C571A5 /* Resources */ = {
			isa = PBXResourcesBuildPhase;
			buildActionMask = 2147483647;
			files = (
				BDA84A7328086B9C00C571A5 /* LaunchScreen.storyboard in Resources */,
				BDA84A7028086B9C00C571A5 /* Assets.xcassets in Resources */,
				BDA84A6E28086B9A00C571A5 /* Main.storyboard in Resources */,
			);
			runOnlyForDeploymentPostprocessing = 0;
		};
/* End PBXResourcesBuildPhase section */

/* Begin PBXShellScriptBuildPhase section */
		1C256A9F4E418CBAA13FC097 /* [CP] Check Pods Manifest.lock */ = {
			isa = PBXShellScriptBuildPhase;
			buildActionMask = 2147483647;
			files = (
			);
			inputFileListPaths = (
			);
			inputPaths = (
				"${PODS_PODFILE_DIR_PATH}/Podfile.lock",
				"${PODS_ROOT}/Manifest.lock",
			);
			name = "[CP] Check Pods Manifest.lock";
			outputFileListPaths = (
			);
			outputPaths = (
				"$(DERIVED_FILE_DIR)/Pods-TestRXSwift-checkManifestLockResult.txt",
			);
			runOnlyForDeploymentPostprocessing = 0;
			shellPath = /bin/sh;
			shellScript = "diff \"${PODS_PODFILE_DIR_PATH}/Podfile.lock\" \"${PODS_ROOT}/Manifest.lock\" > /dev/null\nif [ $? != 0 ] ; then\n    # print error to STDERR\n    echo \"error: The sandbox is not in sync with the Podfile.lock. Run 'pod install' or update your CocoaPods installation.\" >&2\n    exit 1\nfi\n# This output is used by Xcode 'outputs' to avoid re-running this script phase.\necho \"SUCCESS\" > \"${SCRIPT_OUTPUT_FILE_0}\"\n";
			showEnvVarsInLog = 0;
		};
		659FC4ECF29CF4E9057FBA42 /* [CP] Embed Pods Frameworks */ = {
			isa = PBXShellScriptBuildPhase;
			buildActionMask = 2147483647;
			files = (
			);
			inputFileListPaths = (
				"${PODS_ROOT}/Target Support Files/Pods-TestRXSwift/Pods-TestRXSwift-frameworks-${CONFIGURATION}-input-files.xcfilelist",
			);
			name = "[CP] Embed Pods Frameworks";
			outputFileListPaths = (
				"${PODS_ROOT}/Target Support Files/Pods-TestRXSwift/Pods-TestRXSwift-frameworks-${CONFIGURATION}-output-files.xcfilelist",
			);
			runOnlyForDeploymentPostprocessing = 0;
			shellPath = /bin/sh;
			shellScript = "\"${PODS_ROOT}/Target Support Files/Pods-TestRXSwift/Pods-TestRXSwift-frameworks.sh\"\n";
			showEnvVarsInLog = 0;
		};
/* End PBXShellScriptBuildPhase section */

/* Begin PBXSourcesBuildPhase section */
		BDA84A5F28086B9A00C571A5 /* Sources */ = {
			isa = PBXSourcesBuildPhase;
			buildActionMask = 2147483647;
			files = (
				BDA84A7B280995F900C571A5 /* SecondViewController.swift in Sources */,
				BDA84A6B28086B9A00C571A5 /* ViewController.swift in Sources */,
				BDA84A6728086B9A00C571A5 /* AppDelegate.swift in Sources */,
				BDA84A6928086B9A00C571A5 /* SceneDelegate.swift in Sources */,
			);
			runOnlyForDeploymentPostprocessing = 0;
		};
/* End PBXSourcesBuildPhase section */

/* Begin PBXVariantGroup section */
		BDA84A6C28086B9A00C571A5 /* Main.storyboard */ = {
			isa = PBXVariantGroup;
			children = (
				BDA84A6D28086B9A00C571A5 /* Base */,
			);
			name = Main.storyboard;
			sourceTree = "<group>";
		};
		BDA84A7128086B9C00C571A5 /* LaunchScreen.storyboard */ = {
			isa = PBXVariantGroup;
			children = (
				BDA84A7228086B9C00C571A5 /* Base */,
			);
			name = LaunchScreen.storyboard;
			sourceTree = "<group>";
		};
/* End PBXVariantGroup section */

/* Begin XCBuildConfiguration section */
		BDA84A7528086B9C00C571A5 /* Debug */ = {
			isa = XCBuildConfiguration;
			buildSettings = {
				ALWAYS_SEARCH_USER_PATHS = NO;
				CLANG_ANALYZER_NONNULL = YES;
				CLANG_ANALYZER_NUMBER_OBJECT_CONVERSION = YES_AGGRESSIVE;
				CLANG_CXX_LANGUAGE_STANDARD = "gnu++17";
				CLANG_CXX_LIBRARY = "libc++";
				CLANG_ENABLE_MODULES = YES;
				CLANG_ENABLE_OBJC_ARC = YES;
				CLANG_ENABLE_OBJC_WEAK = YES;
				CLANG_WARN_BLOCK_CAPTURE_AUTORELEASING = YES;
				CLANG_WARN_BOOL_CONVERSION = YES;
				CLANG_WARN_COMMA = YES;
				CLANG_WARN_CONSTANT_CONVERSION = YES;
				CLANG_WARN_DEPRECATED_OBJC_IMPLEMENTATIONS = YES;
				CLANG_WARN_DIRECT_OBJC_ISA_USAGE = YES_ERROR;
				CLANG_WARN_DOCUMENTATION_COMMENTS = YES;
				CLANG_WARN_EMPTY_BODY = YES;
				CLANG_WARN_ENUM_CONVERSION = YES;
				CLANG_WARN_INFINITE_RECURSION = YES;
				CLANG_WARN_INT_CONVERSION = YES;
				CLANG_WARN_NON_LITERAL_NULL_CONVERSION = YES;
				CLANG_WARN_OBJC_IMPLICIT_RETAIN_SELF = YES;
				CLANG_WARN_OBJC_LITERAL_CONVERSION = YES;
				CLANG_WARN_OBJC_ROOT_CLASS = YES_ERROR;
				CLANG_WARN_QUOTED_INCLUDE_IN_FRAMEWORK_HEADER = YES;
				CLANG_WARN_RANGE_LOOP_ANALYSIS = YES;
				CLANG_WARN_STRICT_PROTOTYPES = YES;
				CLANG_WARN_SUSPICIOUS_MOVE = YES;
				CLANG_WARN_UNGUARDED_AVAILABILITY = YES_AGGRESSIVE;
				CLANG_WARN_UNREACHABLE_CODE = YES;
				CLANG_WARN__DUPLICATE_METHOD_MATCH = YES;
				COPY_PHASE_STRIP = NO;
				DEBUG_INFORMATION_FORMAT = dwarf;
				ENABLE_STRICT_OBJC_MSGSEND = YES;
				ENABLE_TESTABILITY = YES;
				GCC_C_LANGUAGE_STANDARD = gnu11;
				GCC_DYNAMIC_NO_PIC = NO;
				GCC_NO_COMMON_BLOCKS = YES;
				GCC_OPTIMIZATION_LEVEL = 0;
				GCC_PREPROCESSOR_DEFINITIONS = (
					"DEBUG=1",
					"$(inherited)",
				);
				GCC_WARN_64_TO_32_BIT_CONVERSION = YES;
				GCC_WARN_ABOUT_RETURN_TYPE = YES_ERROR;
				GCC_WARN_UNDECLARED_SELECTOR = YES;
				GCC_WARN_UNINITIALIZED_AUTOS = YES_AGGRESSIVE;
				GCC_WARN_UNUSED_FUNCTION = YES;
				GCC_WARN_UNUSED_VARIABLE = YES;
				IPHONEOS_DEPLOYMENT_TARGET = 15.2;
				MTL_ENABLE_DEBUG_INFO = INCLUDE_SOURCE;
				MTL_FAST_MATH = YES;
				ONLY_ACTIVE_ARCH = YES;
				SDKROOT = iphoneos;
				SWIFT_ACTIVE_COMPILATION_CONDITIONS = DEBUG;
				SWIFT_OPTIMIZATION_LEVEL = "-Onone";
			};
			name = Debug;
		};
		BDA84A7628086B9C00C571A5 /* Release */ = {
			isa = XCBuildConfiguration;
			buildSettings = {
				ALWAYS_SEARCH_USER_PATHS = NO;
				CLANG_ANALYZER_NONNULL = YES;
				CLANG_ANALYZER_NUMBER_OBJECT_CONVERSION = YES_AGGRESSIVE;
				CLANG_CXX_LANGUAGE_STANDARD = "gnu++17";
				CLANG_CXX_LIBRARY = "libc++";
				CLANG_ENABLE_MODULES = YES;
				CLANG_ENABLE_OBJC_ARC = YES;
				CLANG_ENABLE_OBJC_WEAK = YES;
				CLANG_WARN_BLOCK_CAPTURE_AUTORELEASING = YES;
				CLANG_WARN_BOOL_CONVERSION = YES;
				CLANG_WARN_COMMA = YES;
				CLANG_WARN_CONSTANT_CONVERSION = YES;
				CLANG_WARN_DEPRECATED_OBJC_IMPLEMENTATIONS = YES;
				CLANG_WARN_DIRECT_OBJC_ISA_USAGE = YES_ERROR;
				CLANG_WARN_DOCUMENTATION_COMMENTS = YES;
				CLANG_WARN_EMPTY_BODY = YES;
				CLANG_WARN_ENUM_CONVERSION = YES;
				CLANG_WARN_INFINITE_RECURSION = YES;
				CLANG_WARN_INT_CONVERSION = YES;
				CLANG_WARN_NON_LITERAL_NULL_CONVERSION = YES;
				CLANG_WARN_OBJC_IMPLICIT_RETAIN_SELF = YES;
				CLANG_WARN_OBJC_LITERAL_CONVERSION = YES;
				CLANG_WARN_OBJC_ROOT_CLASS = YES_ERROR;
				CLANG_WARN_QUOTED_INCLUDE_IN_FRAMEWORK_HEADER = YES;
				CLANG_WARN_RANGE_LOOP_ANALYSIS = YES;
				CLANG_WARN_STRICT_PROTOTYPES = YES;
				CLANG_WARN_SUSPICIOUS_MOVE = YES;
				CLANG_WARN_UNGUARDED_AVAILABILITY = YES_AGGRESSIVE;
				CLANG_WARN_UNREACHABLE_CODE = YES;
				CLANG_WARN__DUPLICATE_METHOD_MATCH = YES;
				COPY_PHASE_STRIP = NO;
				DEBUG_INFORMATION_FORMAT = "dwarf-with-dsym";
				ENABLE_NS_ASSERTIONS = NO;
				ENABLE_STRICT_OBJC_MSGSEND = YES;
				GCC_C_LANGUAGE_STANDARD = gnu11;
				GCC_NO_COMMON_BLOCKS = YES;
				GCC_WARN_64_TO_32_BIT_CONVERSION = YES;
				GCC_WARN_ABOUT_RETURN_TYPE = YES_ERROR;
				GCC_WARN_UNDECLARED_SELECTOR = YES;
				GCC_WARN_UNINITIALIZED_AUTOS = YES_AGGRESSIVE;
				GCC_WARN_UNUSED_FUNCTION = YES;
				GCC_WARN_UNUSED_VARIABLE = YES;
				IPHONEOS_DEPLOYMENT_TARGET = 15.2;
				MTL_ENABLE_DEBUG_INFO = NO;
				MTL_FAST_MATH = YES;
				SDKROOT = iphoneos;
				SWIFT_COMPILATION_MODE = wholemodule;
				SWIFT_OPTIMIZATION_LEVEL = "-O";
				VALIDATE_PRODUCT = YES;
			};
			name = Release;
		};
		BDA84A7828086B9C00C571A5 /* Debug */ = {
			isa = XCBuildConfiguration;
			baseConfigurationReference = 1037BA8258CAE398DE5A5DCA /* Pods-TestRXSwift.debug.xcconfig */;
			buildSettings = {
				ASSETCATALOG_COMPILER_APPICON_NAME = AppIcon;
				ASSETCATALOG_COMPILER_GLOBAL_ACCENT_COLOR_NAME = AccentColor;
				CODE_SIGN_STYLE = Automatic;
				CURRENT_PROJECT_VERSION = 1;
				GENERATE_INFOPLIST_FILE = YES;
				INFOPLIST_FILE = TestRXSwift/Info.plist;
				INFOPLIST_KEY_UIApplicationSupportsIndirectInputEvents = YES;
				INFOPLIST_KEY_UILaunchStoryboardName = LaunchScreen;
				INFOPLIST_KEY_UIMainStoryboardFile = Main;
				INFOPLIST_KEY_UISupportedInterfaceOrientations_iPad = "UIInterfaceOrientationPortrait UIInterfaceOrientationPortraitUpsideDown UIInterfaceOrientationLandscapeLeft UIInterfaceOrientationLandscapeRight";
				INFOPLIST_KEY_UISupportedInterfaceOrientations_iPhone = "UIInterfaceOrientationPortrait UIInterfaceOrientationLandscapeLeft UIInterfaceOrientationLandscapeRight";
				LD_RUNPATH_SEARCH_PATHS = (
					"$(inherited)",
					"@executable_path/Frameworks",
				);
				MARKETING_VERSION = 1.0;
				PRODUCT_BUNDLE_IDENTIFIER = metide.TestRXSwift;
				PRODUCT_NAME = "$(TARGET_NAME)";
				SWIFT_EMIT_LOC_STRINGS = YES;
				SWIFT_VERSION = 5.0;
				TARGETED_DEVICE_FAMILY = "1,2";
			};
			name = Debug;
		};
		BDA84A7928086B9C00C571A5 /* Release */ = {
			isa = XCBuildConfiguration;
			baseConfigurationReference = 2C3AE9FCACCA17CAE850324C /* Pods-TestRXSwift.release.xcconfig */;
			buildSettings = {
				ASSETCATALOG_COMPILER_APPICON_NAME = AppIcon;
				ASSETCATALOG_COMPILER_GLOBAL_ACCENT_COLOR_NAME = AccentColor;
				CODE_SIGN_STYLE = Automatic;
				CURRENT_PROJECT_VERSION = 1;
				GENERATE_INFOPLIST_FILE = YES;
				INFOPLIST_FILE = TestRXSwift/Info.plist;
				INFOPLIST_KEY_UIApplicationSupportsIndirectInputEvents = YES;
				INFOPLIST_KEY_UILaunchStoryboardName = LaunchScreen;
				INFOPLIST_KEY_UIMainStoryboardFile = Main;
				INFOPLIST_KEY_UISupportedInterfaceOrientations_iPad = "UIInterfaceOrientationPortrait UIInterfaceOrientationPortraitUpsideDown UIInterfaceOrientationLandscapeLeft UIInterfaceOrientationLandscapeRight";
				INFOPLIST_KEY_UISupportedInterfaceOrientations_iPhone = "UIInterfaceOrientationPortrait UIInterfaceOrientationLandscapeLeft UIInterfaceOrientationLandscapeRight";
				LD_RUNPATH_SEARCH_PATHS = (
					"$(inherited)",
					"@executable_path/Frameworks",
				);
				MARKETING_VERSION = 1.0;
				PRODUCT_BUNDLE_IDENTIFIER = metide.TestRXSwift;
				PRODUCT_NAME = "$(TARGET_NAME)";
				SWIFT_EMIT_LOC_STRINGS = YES;
				SWIFT_VERSION = 5.0;
				TARGETED_DEVICE_FAMILY = "1,2";
			};
			name = Release;
		};
/* End XCBuildConfiguration section */

/* Begin XCConfigurationList section */
		BDA84A5E28086B9A00C571A5 /* Build configuration list for PBXProject "TestRXSwift" */ = {
			isa = XCConfigurationList;
			buildConfigurations = (
				BDA84A7528086B9C00C571A5 /* Debug */,
				BDA84A7628086B9C00C571A5 /* Release */,
			);
			defaultConfigurationIsVisible = 0;
			defaultConfigurationName = Release;
		};
		BDA84A7728086B9C00C571A5 /* Build configuration list for PBXNativeTarget "TestRXSwift" */ = {
			isa = XCConfigurationList;
			buildConfigurations = (
				BDA84A7828086B9C00C571A5 /* Debug */,
				BDA84A7928086B9C00C571A5 /* Release */,
			);
			defaultConfigurationIsVisible = 0;
			defaultConfigurationName = Release;
		};
/* End XCConfigurationList section */
	};
	rootObject = BDA84A5B28086B9A00C571A5 /* Project object */;
}
